
Microsoft Visual Studio Solution File, Format Version 12.00
# Visual Studio Version 16
VisualStudioVersion = 16.0.30517.126
MinimumVisualStudioVersion = 10.0.40219.1
Project("{FAE04EC0-301F-11D3-BF4B-00C04F79EFBC}") = "labaVlad2", "labaVlad2\labaVlad2.csproj", "{55E48164-7143-4C58-B217-0ABED6549141}"
EndProject
Global
	GlobalSection(SolutionConfigurationPlatforms) = preSolution
		Debug|Any CPU = Debug|Any CPU
		Release|Any CPU = Release|Any CPU
	EndGlobalSection
	GlobalSection(ProjectConfigurationPlatforms) = postSolution
		{55E48164-7143-4C58-B217-0ABED6549141}.Debug|Any CPU.ActiveCfg = Debug|Any CPU
		{55E48164-7143-4C58-B217-0ABED6549141}.Debug|Any CPU.Build.0 = Debug|Any CPU
		{55E48164-7143-4C58-B217-0ABED6549141}.Release|Any CPU.ActiveCfg = Release|Any CPU
		{55E48164-7143-4C58-B217-0ABED6549141}.Release|Any CPU.Build.0 = Release|Any CPU
	EndGlobalSection
	GlobalSection(SolutionProperties) = preSolution
		HideSolutionNode = FALSE
	EndGlobalSection
	GlobalSection(ExtensibilityGlobals) = postSolution
		SolutionGuid = {9D952028-EA99-45C8-9596-4F9C92031F69}
	EndGlobalSection
EndGlobal
